
Microsoft Visual Studio Solution File, Format Version 12.00
# Visual Studio 15
VisualStudioVersion = 15.0.26124.0
MinimumVisualStudioVersion = 15.0.26124.0
Project("{FAE04EC0-301F-11D3-BF4B-00C04F79EFBC}") = "Domain", "Domain\Domain.csproj", "{66A277D9-7AD2-406D-963E-8DF5662F68AF}"
EndProject
Project("{FAE04EC0-301F-11D3-BF4B-00C04F79EFBC}") = "Application", "Application\Application.csproj", "{AE13797B-24DC-4411-8A5C-B0D94D70D665}"
EndProject
Project("{FAE04EC0-301F-11D3-BF4B-00C04F79EFBC}") = "API", "API\API.csproj", "{DAB4BBB0-548D-489D-9D3F-651F5E12C593}"
EndProject
Project("{FAE04EC0-301F-11D3-BF4B-00C04F79EFBC}") = "Persistence", "Persistence\Persistence.csproj", "{EA4CF56B-1B84-43B1-BF6C-E68FA9124AC3}"
EndProject
Global
	GlobalSection(SolutionConfigurationPlatforms) = preSolution
		Debug|Any CPU = Debug|Any CPU
		Debug|x64 = Debug|x64
		Debug|x86 = Debug|x86
		Release|Any CPU = Release|Any CPU
		Release|x64 = Release|x64
		Release|x86 = Release|x86
	EndGlobalSection
	GlobalSection(SolutionProperties) = preSolution
		HideSolutionNode = FALSE
	EndGlobalSection
	GlobalSection(ProjectConfigurationPlatforms) = postSolution
		{66A277D9-7AD2-406D-963E-8DF5662F68AF}.Debug|Any CPU.ActiveCfg = Debug|Any CPU
		{66A277D9-7AD2-406D-963E-8DF5662F68AF}.Debug|Any CPU.Build.0 = Debug|Any CPU
		{66A277D9-7AD2-406D-963E-8DF5662F68AF}.Debug|x64.ActiveCfg = Debug|Any CPU
		{66A277D9-7AD2-406D-963E-8DF5662F68AF}.Debug|x64.Build.0 = Debug|Any CPU
		{66A277D9-7AD2-406D-963E-8DF5662F68AF}.Debug|x86.ActiveCfg = Debug|Any CPU
		{66A277D9-7AD2-406D-963E-8DF5662F68AF}.Debug|x86.Build.0 = Debug|Any CPU
		{66A277D9-7AD2-406D-963E-8DF5662F68AF}.Release|Any CPU.ActiveCfg = Release|Any CPU
		{66A277D9-7AD2-406D-963E-8DF5662F68AF}.Release|Any CPU.Build.0 = Release|Any CPU
		{66A277D9-7AD2-406D-963E-8DF5662F68AF}.Release|x64.ActiveCfg = Release|Any CPU
		{66A277D9-7AD2-406D-963E-8DF5662F68AF}.Release|x64.Build.0 = Release|Any CPU
		{66A277D9-7AD2-406D-963E-8DF5662F68AF}.Release|x86.ActiveCfg = Release|Any CPU
		{66A277D9-7AD2-406D-963E-8DF5662F68AF}.Release|x86.Build.0 = Release|Any CPU
		{AE13797B-24DC-4411-8A5C-B0D94D70D665}.Debug|Any CPU.ActiveCfg = Debug|Any CPU
		{AE13797B-24DC-4411-8A5C-B0D94D70D665}.Debug|Any CPU.Build.0 = Debug|Any CPU
		{AE13797B-24DC-4411-8A5C-B0D94D70D665}.Debug|x64.ActiveCfg = Debug|Any CPU
		{AE13797B-24DC-4411-8A5C-B0D94D70D665}.Debug|x64.Build.0 = Debug|Any CPU
		{AE13797B-24DC-4411-8A5C-B0D94D70D665}.Debug|x86.ActiveCfg = Debug|Any CPU
		{AE13797B-24DC-4411-8A5C-B0D94D70D665}.Debug|x86.Build.0 = Debug|Any CPU
		{AE13797B-24DC-4411-8A5C-B0D94D70D665}.Release|Any CPU.ActiveCfg = Release|Any CPU
		{AE13797B-24DC-4411-8A5C-B0D94D70D665}.Release|Any CPU.Build.0 = Release|Any CPU
		{AE13797B-24DC-4411-8A5C-B0D94D70D665}.Release|x64.ActiveCfg = Release|Any CPU
		{AE13797B-24DC-4411-8A5C-B0D94D70D665}.Release|x64.Build.0 = Release|Any CPU
		{AE13797B-24DC-4411-8A5C-B0D94D70D665}.Release|x86.ActiveCfg = Release|Any CPU
		{AE13797B-24DC-4411-8A5C-B0D94D70D665}.Release|x86.Build.0 = Release|Any CPU
		{DAB4BBB0-548D-489D-9D3F-651F5E12C593}.Debug|Any CPU.ActiveCfg = Debug|Any CPU
		{DAB4BBB0-548D-489D-9D3F-651F5E12C593}.Debug|Any CPU.Build.0 = Debug|Any CPU
		{DAB4BBB0-548D-489D-9D3F-651F5E12C593}.Debug|x64.ActiveCfg = Debug|Any CPU
		{DAB4BBB0-548D-489D-9D3F-651F5E12C593}.Debug|x64.Build.0 = Debug|Any CPU
		{DAB4BBB0-548D-489D-9D3F-651F5E12C593}.Debug|x86.ActiveCfg = Debug|Any CPU
		{DAB4BBB0-548D-489D-9D3F-651F5E12C593}.Debug|x86.Build.0 = Debug|Any CPU
		{DAB4BBB0-548D-489D-9D3F-651F5E12C593}.Release|Any CPU.ActiveCfg = Release|Any CPU
		{DAB4BBB0-548D-489D-9D3F-651F5E12C593}.Release|Any CPU.Build.0 = Release|Any CPU
		{DAB4BBB0-548D-489D-9D3F-651F5E12C593}.Release|x64.ActiveCfg = Release|Any CPU
		{DAB4BBB0-548D-489D-9D3F-651F5E12C593}.Release|x64.Build.0 = Release|Any CPU
		{DAB4BBB0-548D-489D-9D3F-651F5E12C593}.Release|x86.ActiveCfg = Release|Any CPU
		{DAB4BBB0-548D-489D-9D3F-651F5E12C593}.Release|x86.Build.0 = Release|Any CPU
		{EA4CF56B-1B84-43B1-BF6C-E68FA9124AC3}.Debug|Any CPU.ActiveCfg = Debug|Any CPU
		{EA4CF56B-1B84-43B1-BF6C-E68FA9124AC3}.Debug|Any CPU.Build.0 = Debug|Any CPU
		{EA4CF56B-1B84-43B1-BF6C-E68FA9124AC3}.Debug|x64.ActiveCfg = Debug|Any CPU
		{EA4CF56B-1B84-43B1-BF6C-E68FA9124AC3}.Debug|x64.Build.0 = Debug|Any CPU
		{EA4CF56B-1B84-43B1-BF6C-E68FA9124AC3}.Debug|x86.ActiveCfg = Debug|Any CPU
		{EA4CF56B-1B84-43B1-BF6C-E68FA9124AC3}.Debug|x86.Build.0 = Debug|Any CPU
		{EA4CF56B-1B84-43B1-BF6C-E68FA9124AC3}.Release|Any CPU.ActiveCfg = Release|Any CPU
		{EA4CF56B-1B84-43B1-BF6C-E68FA9124AC3}.Release|Any CPU.Build.0 = Release|Any CPU
		{EA4CF56B-1B84-43B1-BF6C-E68FA9124AC3}.Release|x64.ActiveCfg = Release|Any CPU
		{EA4CF56B-1B84-43B1-BF6C-E68FA9124AC3}.Release|x64.Build.0 = Release|Any CPU
		{EA4CF56B-1B84-43B1-BF6C-E68FA9124AC3}.Release|x86.ActiveCfg = Release|Any CPU
		{EA4CF56B-1B84-43B1-BF6C-E68FA9124AC3}.Release|x86.Build.0 = Release|Any CPU
	EndGlobalSection
EndGlobal
